
Microsoft Visual Studio Solution File, Format Version 12.00
# Visual Studio Version 17
VisualStudioVersion = 17.8.34330.188
MinimumVisualStudioVersion = 10.0.40219.1
Project("{9A19103F-16F7-4668-BE54-9A1E7A4F7556}") = "bulkyBookWeb", "bulkyBookWeb\bulkyBookWeb.csproj", "{AE3CDB77-4C87-4832-9F67-C865FC6C12C2}"
EndProject
Project("{FAE04EC0-301F-11D3-BF4B-00C04F79EFBC}") = "Bulky.DataAccess", "Bulky.DataAccess\Bulky.DataAccess.csproj", "{C25787FA-7420-41A3-ACE6-ABCF9CFC3D6B}"
EndProject
Project("{FAE04EC0-301F-11D3-BF4B-00C04F79EFBC}") = "Bulky.Models", "Bulky.Models\Bulky.Models.csproj", "{217C21A8-1027-44EA-8727-7F2E9094B74F}"
EndProject
Project("{FAE04EC0-301F-11D3-BF4B-00C04F79EFBC}") = "Bulky.Utility", "Bulky.Utility\Bulky.Utility.csproj", "{625DE35A-D8CA-491F-A8CE-5598767CD9A9}"
EndProject
Global
	GlobalSection(SolutionConfigurationPlatforms) = preSolution
		Debug|Any CPU = Debug|Any CPU
		Release|Any CPU = Release|Any CPU
	EndGlobalSection
	GlobalSection(ProjectConfigurationPlatforms) = postSolution
		{AE3CDB77-4C87-4832-9F67-C865FC6C12C2}.Debug|Any CPU.ActiveCfg = Debug|Any CPU
		{AE3CDB77-4C87-4832-9F67-C865FC6C12C2}.Debug|Any CPU.Build.0 = Debug|Any CPU
		{AE3CDB77-4C87-4832-9F67-C865FC6C12C2}.Release|Any CPU.ActiveCfg = Release|Any CPU
		{AE3CDB77-4C87-4832-9F67-C865FC6C12C2}.Release|Any CPU.Build.0 = Release|Any CPU
		{C25787FA-7420-41A3-ACE6-ABCF9CFC3D6B}.Debug|Any CPU.ActiveCfg = Debug|Any CPU
		{C25787FA-7420-41A3-ACE6-ABCF9CFC3D6B}.Debug|Any CPU.Build.0 = Debug|Any CPU
		{C25787FA-7420-41A3-ACE6-ABCF9CFC3D6B}.Release|Any CPU.ActiveCfg = Release|Any CPU
		{C25787FA-7420-41A3-ACE6-ABCF9CFC3D6B}.Release|Any CPU.Build.0 = Release|Any CPU
		{217C21A8-1027-44EA-8727-7F2E9094B74F}.Debug|Any CPU.ActiveCfg = Debug|Any CPU
		{217C21A8-1027-44EA-8727-7F2E9094B74F}.Debug|Any CPU.Build.0 = Debug|Any CPU
		{217C21A8-1027-44EA-8727-7F2E9094B74F}.Release|Any CPU.ActiveCfg = Release|Any CPU
		{217C21A8-1027-44EA-8727-7F2E9094B74F}.Release|Any CPU.Build.0 = Release|Any CPU
		{625DE35A-D8CA-491F-A8CE-5598767CD9A9}.Debug|Any CPU.ActiveCfg = Debug|Any CPU
		{625DE35A-D8CA-491F-A8CE-5598767CD9A9}.Debug|Any CPU.Build.0 = Debug|Any CPU
		{625DE35A-D8CA-491F-A8CE-5598767CD9A9}.Release|Any CPU.ActiveCfg = Release|Any CPU
		{625DE35A-D8CA-491F-A8CE-5598767CD9A9}.Release|Any CPU.Build.0 = Release|Any CPU
	EndGlobalSection
	GlobalSection(SolutionProperties) = preSolution
		HideSolutionNode = FALSE
	EndGlobalSection
	GlobalSection(ExtensibilityGlobals) = postSolution
		SolutionGuid = {CA5D02E5-02BA-453F-A467-170FF3100A20}
	EndGlobalSection
EndGlobal
